// !$*UTF8*$!
{
	archiveVersion = 1;
	classes = {
	};
	objectVersion = 46;
	objects = {

/* Begin PBXBuildFile section */
		057CD43A1DB74BA10023D28B /* Expressible+IUserDefaultsCompressor.swift in Sources */ = {isa = PBXBuildFile; fileRef = 057CD4351DB74BA10023D28B /* Expressible+IUserDefaultsCompressor.swift */; };
		057CD43C1DB74BA10023D28B /* UIImage+IUserDefaultsCompressor.swift in Sources */ = {isa = PBXBuildFile; fileRef = 057CD4371DB74BA10023D28B /* UIImage+IUserDefaultsCompressor.swift */; };
		057CD43D1DB74BA10023D28B /* UserDefaults+Compressor.swift in Sources */ = {isa = PBXBuildFile; fileRef = 057CD4381DB74BA10023D28B /* UserDefaults+Compressor.swift */; };
		057CD43F1DB752010023D28B /* image.jpeg in Resources */ = {isa = PBXBuildFile; fileRef = 057CD43E1DB752010023D28B /* image.jpeg */; };
		05E3AE671DB749FE00E21E4D /* AppDelegate.swift in Sources */ = {isa = PBXBuildFile; fileRef = 05E3AE661DB749FE00E21E4D /* AppDelegate.swift */; };
		05E3AE691DB749FE00E21E4D /* ViewController.swift in Sources */ = {isa = PBXBuildFile; fileRef = 05E3AE681DB749FE00E21E4D /* ViewController.swift */; };
		05E3AE6C1DB749FE00E21E4D /* Main.storyboard in Resources */ = {isa = PBXBuildFile; fileRef = 05E3AE6A1DB749FE00E21E4D /* Main.storyboard */; };
		05E3AE6E1DB749FE00E21E4D /* Assets.xcassets in Resources */ = {isa = PBXBuildFile; fileRef = 05E3AE6D1DB749FE00E21E4D /* Assets.xcassets */; };
		05E3AE711DB749FE00E21E4D /* LaunchScreen.storyboard in Resources */ = {isa = PBXBuildFile; fileRef = 05E3AE6F1DB749FE00E21E4D /* LaunchScreen.storyboard */; };
/* End PBXBuildFile section */

/* Begin PBXFileReference section */
		057CD4351DB74BA10023D28B /* Expressible+IUserDefaultsCompressor.swift */ = {isa = PBXFileReference; fileEncoding = 4; lastKnownFileType = sourcecode.swift; path = "Expressible+IUserDefaultsCompressor.swift"; sourceTree = "<group>"; };
		057CD4371DB74BA10023D28B /* UIImage+IUserDefaultsCompressor.swift */ = {isa = PBXFileReference; fileEncoding = 4; lastKnownFileType = sourcecode.swift; path = "UIImage+IUserDefaultsCompressor.swift"; sourceTree = "<group>"; };
		057CD4381DB74BA10023D28B /* UserDefaults+Compressor.swift */ = {isa = PBXFileReference; fileEncoding = 4; lastKnownFileType = sourcecode.swift; path = "UserDefaults+Compressor.swift"; sourceTree = "<group>"; };
		057CD43E1DB752010023D28B /* image.jpeg */ = {isa = PBXFileReference; lastKnownFileType = image.jpeg; path = image.jpeg; sourceTree = "<group>"; };
		05E3AE631DB749FE00E21E4D /* UserDefaultsCompressor-Demo.app */ = {isa = PBXFileReference; explicitFileType = wrapper.application; includeInIndex = 0; path = "UserDefaultsCompressor-Demo.app"; sourceTree = BUILT_PRODUCTS_DIR; };
		05E3AE661DB749FE00E21E4D /* AppDelegate.swift */ = {isa = PBXFileReference; lastKnownFileType = sourcecode.swift; path = AppDelegate.swift; sourceTree = "<group>"; };
		05E3AE681DB749FE00E21E4D /* ViewController.swift */ = {isa = PBXFileReference; lastKnownFileType = sourcecode.swift; path = ViewController.swift; sourceTree = "<group>"; };
		05E3AE6B1DB749FE00E21E4D /* Base */ = {isa = PBXFileReference; lastKnownFileType = file.storyboard; name = Base; path = Base.lproj/Main.storyboard; sourceTree = "<group>"; };
		05E3AE6D1DB749FE00E21E4D /* Assets.xcassets */ = {isa = PBXFileReference; lastKnownFileType = folder.assetcatalog; path = Assets.xcassets; sourceTree = "<group>"; };
		05E3AE701DB749FE00E21E4D /* Base */ = {isa = PBXFileReference; lastKnownFileType = file.storyboard; name = Base; path = Base.lproj/LaunchScreen.storyboard; sourceTree = "<group>"; };
		05E3AE721DB749FE00E21E4D /* Info.plist */ = {isa = PBXFileReference; lastKnownFileType = text.plist.xml; path = Info.plist; sourceTree = "<group>"; };
/* End PBXFileReference section */

/* Begin PBXFrameworksBuildPhase section */
		05E3AE601DB749FE00E21E4D /* Frameworks */ = {
			isa = PBXFrameworksBuildPhase;
			buildActionMask = 2147483647;
			files = (
			);
			runOnlyForDeploymentPostprocessing = 0;
		};
/* End PBXFrameworksBuildPhase section */

/* Begin PBXGroup section */
		057CD4321DB74BA10023D28B /* UserDefaultsCompressor */ = {
			isa = PBXGroup;
			children = (
				057CD4331DB74BA10023D28B /* Extension */,
				057CD4381DB74BA10023D28B /* UserDefaults+Compressor.swift */,
			);
			name = UserDefaultsCompressor;
			path = ../UserDefaultsCompressor;
			sourceTree = "<group>";
		};
		057CD4331DB74BA10023D28B /* Extension */ = {
			isa = PBXGroup;
			children = (
				057CD4351DB74BA10023D28B /* Expressible+IUserDefaultsCompressor.swift */,
				057CD4371DB74BA10023D28B /* UIImage+IUserDefaultsCompressor.swift */,
			);
			path = Extension;
			sourceTree = "<group>";
		};
		05E3AE5A1DB749FE00E21E4D = {
			isa = PBXGroup;
			children = (
				057CD4321DB74BA10023D28B /* UserDefaultsCompressor */,
				05E3AE651DB749FE00E21E4D /* UserDefaultsCompressor-Demo */,
				05E3AE641DB749FE00E21E4D /* Products */,
			);
			sourceTree = "<group>";
		};
		05E3AE641DB749FE00E21E4D /* Products */ = {
			isa = PBXGroup;
			children = (
				05E3AE631DB749FE00E21E4D /* UserDefaultsCompressor-Demo.app */,
			);
			name = Products;
			sourceTree = "<group>";
		};
		05E3AE651DB749FE00E21E4D /* UserDefaultsCompressor-Demo */ = {
			isa = PBXGroup;
			children = (
				05E3AE661DB749FE00E21E4D /* AppDelegate.swift */,
				05E3AE681DB749FE00E21E4D /* ViewController.swift */,
				05E3AE6A1DB749FE00E21E4D /* Main.storyboard */,
				05E3AE6D1DB749FE00E21E4D /* Assets.xcassets */,
				05E3AE6F1DB749FE00E21E4D /* LaunchScreen.storyboard */,
				05E3AE721DB749FE00E21E4D /* Info.plist */,
				057CD43E1DB752010023D28B /* image.jpeg */,
			);
			path = "UserDefaultsCompressor-Demo";
			sourceTree = "<group>";
		};
/* End PBXGroup section */

/* Begin PBXNativeTarget section */
		05E3AE621DB749FE00E21E4D /* UserDefaultsCompressor-Demo */ = {
			isa = PBXNativeTarget;
			buildConfigurationList = 05E3AE751DB749FE00E21E4D /* Build configuration list for PBXNativeTarget "UserDefaultsCompressor-Demo" */;
			buildPhases = (
				05E3AE5F1DB749FE00E21E4D /* Sources */,
				05E3AE601DB749FE00E21E4D /* Frameworks */,
				05E3AE611DB749FE00E21E4D /* Resources */,
			);
			buildRules = (
			);
			dependencies = (
			);
			name = "UserDefaultsCompressor-Demo";
			productName = "UserDefaultsCompressor-Demo";
			productReference = 05E3AE631DB749FE00E21E4D /* UserDefaultsCompressor-Demo.app */;
			productType = "com.apple.product-type.application";
		};
/* End PBXNativeTarget section */

/* Begin PBXProject section */
		05E3AE5B1DB749FE00E21E4D /* Project object */ = {
			isa = PBXProject;
			attributes = {
				LastSwiftUpdateCheck = 0800;
				LastUpgradeCheck = 0820;
				ORGANIZATIONNAME = "Choi Joongkwan";
				TargetAttributes = {
					05E3AE621DB749FE00E21E4D = {
						CreatedOnToolsVersion = 8.0;
						DevelopmentTeam = PCAKRK678S;
						ProvisioningStyle = Automatic;
					};
				};
			};
			buildConfigurationList = 05E3AE5E1DB749FE00E21E4D /* Build configuration list for PBXProject "UserDefaultsCompressor-Demo" */;
			compatibilityVersion = "Xcode 3.2";
			developmentRegion = English;
			hasScannedForEncodings = 0;
			knownRegions = (
				en,
				Base,
			);
			mainGroup = 05E3AE5A1DB749FE00E21E4D;
			productRefGroup = 05E3AE641DB749FE00E21E4D /* Products */;
			projectDirPath = "";
			projectRoot = "";
			targets = (
				05E3AE621DB749FE00E21E4D /* UserDefaultsCompressor-Demo */,
			);
		};
/* End PBXProject section */

/* Begin PBXResourcesBuildPhase section */
		05E3AE611DB749FE00E21E4D /* Resources */ = {
			isa = PBXResourcesBuildPhase;
			buildActionMask = 2147483647;
			files = (
				05E3AE711DB749FE00E21E4D /* LaunchScreen.storyboard in Resources */,
				057CD43F1DB752010023D28B /* image.jpeg in Resources */,
				05E3AE6E1DB749FE00E21E4D /* Assets.xcassets in Resources */,
				05E3AE6C1DB749FE00E21E4D /* Main.storyboard in Resources */,
			);
			runOnlyForDeploymentPostprocessing = 0;
		};
/* End PBXResourcesBuildPhase section */

/* Begin PBXSourcesBuildPhase section */
		05E3AE5F1DB749FE00E21E4D /* Sources */ = {
			isa = PBXSourcesBuildPhase;
			buildActionMask = 2147483647;
			files = (
				05E3AE691DB749FE00E21E4D /* ViewController.swift in Sources */,
				057CD43C1DB74BA10023D28B /* UIImage+IUserDefaultsCompressor.swift in Sources */,
				05E3AE671DB749FE00E21E4D /* AppDelegate.swift in Sources */,
				057CD43A1DB74BA10023D28B /* Expressible+IUserDefaultsCompressor.swift in Sources */,
				057CD43D1DB74BA10023D28B /* UserDefaults+Compressor.swift in Sources */,
			);
			runOnlyForDeploymentPostprocessing = 0;
		};
/* End PBXSourcesBuildPhase section */

/* Begin PBXVariantGroup section */
		05E3AE6A1DB749FE00E21E4D /* Main.storyboard */ = {
			isa = PBXVariantGroup;
			children = (
				05E3AE6B1DB749FE00E21E4D /* Base */,
			);
			name = Main.storyboard;
			sourceTree = "<group>";
		};
		05E3AE6F1DB749FE00E21E4D /* LaunchScreen.storyboard */ = {
			isa = PBXVariantGroup;
			children = (
				05E3AE701DB749FE00E21E4D /* Base */,
			);
			name = LaunchScreen.storyboard;
			sourceTree = "<group>";
		};
/* End PBXVariantGroup section */

/* Begin XCBuildConfiguration section */
		05E3AE731DB749FE00E21E4D /* Debug */ = {
			isa = XCBuildConfiguration;
			buildSettings = {
				ALWAYS_SEARCH_USER_PATHS = NO;
				CLANG_ANALYZER_NONNULL = YES;
				CLANG_CXX_LANGUAGE_STANDARD = "gnu++0x";
				CLANG_CXX_LIBRARY = "libc++";
				CLANG_ENABLE_MODULES = YES;
				CLANG_ENABLE_OBJC_ARC = YES;
				CLANG_WARN_BOOL_CONVERSION = YES;
				CLANG_WARN_CONSTANT_CONVERSION = YES;
				CLANG_WARN_DIRECT_OBJC_ISA_USAGE = YES_ERROR;
				CLANG_WARN_DOCUMENTATION_COMMENTS = YES;
				CLANG_WARN_EMPTY_BODY = YES;
				CLANG_WARN_ENUM_CONVERSION = YES;
				CLANG_WARN_INFINITE_RECURSION = YES;
				CLANG_WARN_INT_CONVERSION = YES;
				CLANG_WARN_OBJC_ROOT_CLASS = YES_ERROR;
				CLANG_WARN_SUSPICIOUS_MOVE = YES;
				CLANG_WARN_SUSPICIOUS_MOVES = YES;
				CLANG_WARN_UNREACHABLE_CODE = YES;
				CLANG_WARN__DUPLICATE_METHOD_MATCH = YES;
				"CODE_SIGN_IDENTITY[sdk=iphoneos*]" = "iPhone Developer";
				COPY_PHASE_STRIP = NO;
				DEBUG_INFORMATION_FORMAT = dwarf;
				ENABLE_STRICT_OBJC_MSGSEND = YES;
				ENABLE_TESTABILITY = YES;
				GCC_C_LANGUAGE_STANDARD = gnu99;
				GCC_DYNAMIC_NO_PIC = NO;
				GCC_NO_COMMON_BLOCKS = YES;
				GCC_OPTIMIZATION_LEVEL = 0;
				GCC_PREPROCESSOR_DEFINITIONS = (
					"DEBUG=1",
					"$(inherited)",
				);
				GCC_WARN_64_TO_32_BIT_CONVERSION = YES;
				GCC_WARN_ABOUT_RETURN_TYPE = YES_ERROR;
				GCC_WARN_UNDECLARED_SELECTOR = YES;
				GCC_WARN_UNINITIALIZED_AUTOS = YES_AGGRESSIVE;
				GCC_WARN_UNUSED_FUNCTION = YES;
				GCC_WARN_UNUSED_VARIABLE = YES;
				IPHONEOS_DEPLOYMENT_TARGET = 10.0;
				MTL_ENABLE_DEBUG_INFO = YES;
				ONLY_ACTIVE_ARCH = YES;
				SDKROOT = iphoneos;
				SWIFT_ACTIVE_COMPILATION_CONDITIONS = DEBUG;
				SWIFT_OPTIMIZATION_LEVEL = "-Onone";
				TARGETED_DEVICE_FAMILY = "1,2";
			};
			name = Debug;
		};
		05E3AE741DB749FE00E21E4D /* Release */ = {
			isa = XCBuildConfiguration;
			buildSettings = {
				ALWAYS_SEARCH_USER_PATHS = NO;
				CLANG_ANALYZER_NONNULL = YES;
				CLANG_CXX_LANGUAGE_STANDARD = "gnu++0x";
				CLANG_CXX_LIBRARY = "libc++";
				CLANG_ENABLE_MODULES = YES;
				CLANG_ENABLE_OBJC_ARC = YES;
				CLANG_WARN_BOOL_CONVERSION = YES;
				CLANG_WARN_CONSTANT_CONVERSION = YES;
				CLANG_WARN_DIRECT_OBJC_ISA_USAGE = YES_ERROR;
				CLANG_WARN_DOCUMENTATION_COMMENTS = YES;
				CLANG_WARN_EMPTY_BODY = YES;
				CLANG_WARN_ENUM_CONVERSION = YES;
				CLANG_WARN_INFINITE_RECURSION = YES;
				CLANG_WARN_INT_CONVERSION = YES;
				CLANG_WARN_OBJC_ROOT_CLASS = YES_ERROR;
				CLANG_WARN_SUSPICIOUS_MOVE = YES;
				CLANG_WARN_SUSPICIOUS_MOVES = YES;
				CLANG_WARN_UNREACHABLE_CODE = YES;
				CLANG_WARN__DUPLICATE_METHOD_MATCH = YES;
				"CODE_SIGN_IDENTITY[sdk=iphoneos*]" = "iPhone Developer";
				COPY_PHASE_STRIP = NO;
				DEBUG_INFORMATION_FORMAT = "dwarf-with-dsym";
				ENABLE_NS_ASSERTIONS = NO;
				ENABLE_STRICT_OBJC_MSGSEND = YES;
				GCC_C_LANGUAGE_STANDARD = gnu99;
				GCC_NO_COMMON_BLOCKS = YES;
				GCC_WARN_64_TO_32_BIT_CONVERSION = YES;
				GCC_WARN_ABOUT_RETURN_TYPE = YES_ERROR;
				GCC_WARN_UNDECLARED_SELECTOR = YES;
				GCC_WARN_UNINITIALIZED_AUTOS = YES_AGGRESSIVE;
				GCC_WARN_UNUSED_FUNCTION = YES;
				GCC_WARN_UNUSED_VARIABLE = YES;
				IPHONEOS_DEPLOYMENT_TARGET = 10.0;
				MTL_ENABLE_DEBUG_INFO = NO;
				SDKROOT = iphoneos;
				SWIFT_OPTIMIZATION_LEVEL = "-Owholemodule";
				TARGETED_DEVICE_FAMILY = "1,2";
				VALIDATE_PRODUCT = YES;
			};
			name = Release;
		};
		05E3AE761DB749FE00E21E4D /* Debug */ = {
			isa = XCBuildConfiguration;
			buildSettings = {
				ASSETCATALOG_COMPILER_APPICON_NAME = AppIcon;
				DEVELOPMENT_TEAM = PCAKRK678S;
				INFOPLIST_FILE = "UserDefaultsCompressor-Demo/Info.plist";
				LD_RUNPATH_SEARCH_PATHS = "$(inherited) @executable_path/Frameworks";
				PRODUCT_BUNDLE_IDENTIFIER = "com.tiny2n.UserDefaultsCompressor-Demo";
				PRODUCT_NAME = "$(TARGET_NAME)";
				SWIFT_VERSION = 3.0;
			};
			name = Debug;
		};
		05E3AE771DB749FE00E21E4D /* Release */ = {
			isa = XCBuildConfiguration;
			buildSettings = {
				ASSETCATALOG_COMPILER_APPICON_NAME = AppIcon;
				DEVELOPMENT_TEAM = PCAKRK678S;
				INFOPLIST_FILE = "UserDefaultsCompressor-Demo/Info.plist";
				LD_RUNPATH_SEARCH_PATHS = "$(inherited) @executable_path/Frameworks";
				PRODUCT_BUNDLE_IDENTIFIER = "com.tiny2n.UserDefaultsCompressor-Demo";
				PRODUCT_NAME = "$(TARGET_NAME)";
				SWIFT_VERSION = 3.0;
			};
			name = Release;
		};
/* End XCBuildConfiguration section */

/* Begin XCConfigurationList section */
		05E3AE5E1DB749FE00E21E4D /* Build configuration list for PBXProject "UserDefaultsCompressor-Demo" */ = {
			isa = XCConfigurationList;
			buildConfigurations = (
				05E3AE731DB749FE00E21E4D /* Debug */,
				05E3AE741DB749FE00E21E4D /* Release */,
			);
			defaultConfigurationIsVisible = 0;
			defaultConfigurationName = Release;
		};
		05E3AE751DB749FE00E21E4D /* Build configuration list for PBXNativeTarget "UserDefaultsCompressor-Demo" */ = {
			isa = XCConfigurationList;
			buildConfigurations = (
				05E3AE761DB749FE00E21E4D /* Debug */,
				05E3AE771DB749FE00E21E4D /* Release */,
			);
			defaultConfigurationIsVisible = 0;
			defaultConfigurationName = Release;
		};
/* End XCConfigurationList section */
	};
	rootObject = 05E3AE5B1DB749FE00E21E4D /* Project object */;
}
